
Microsoft Visual Studio Solution File, Format Version 12.00
# Visual Studio 15
VisualStudioVersion = 15.0.28307.779
MinimumVisualStudioVersion = 10.0.40219.1
Project("{9A19103F-16F7-4668-BE54-9A1E7A4F7556}") = "Alturos.DeviceDiscovery", "Alturos.DeviceDiscovery\Alturos.DeviceDiscovery.csproj", "{F2BB2323-F6D8-41B7-9CCE-D64BE33936FE}"
EndProject
Project("{FAE04EC0-301F-11D3-BF4B-00C04F79EFBC}") = "Alturos.DeviceDiscovery.TestConsole", "Alturos.DeviceDiscovery.TestConsole\Alturos.DeviceDiscovery.TestConsole.csproj", "{5D3E314D-14FA-4029-947E-951AF6353AAA}"
EndProject
Global
	GlobalSection(SolutionConfigurationPlatforms) = preSolution
		Debug|Any CPU = Debug|Any CPU
		Release|Any CPU = Release|Any CPU
	EndGlobalSection
	GlobalSection(ProjectConfigurationPlatforms) = postSolution
		{F2BB2323-F6D8-41B7-9CCE-D64BE33936FE}.Debug|Any CPU.ActiveCfg = Debug|Any CPU
		{F2BB2323-F6D8-41B7-9CCE-D64BE33936FE}.Debug|Any CPU.Build.0 = Debug|Any CPU
		{F2BB2323-F6D8-41B7-9CCE-D64BE33936FE}.Release|Any CPU.ActiveCfg = Release|Any CPU
		{F2BB2323-F6D8-41B7-9CCE-D64BE33936FE}.Release|Any CPU.Build.0 = Release|Any CPU
		{5D3E314D-14FA-4029-947E-951AF6353AAA}.Debug|Any CPU.ActiveCfg = Debug|Any CPU
		{5D3E314D-14FA-4029-947E-951AF6353AAA}.Debug|Any CPU.Build.0 = Debug|Any CPU
		{5D3E314D-14FA-4029-947E-951AF6353AAA}.Release|Any CPU.ActiveCfg = Release|Any CPU
		{5D3E314D-14FA-4029-947E-951AF6353AAA}.Release|Any CPU.Build.0 = Release|Any CPU
	EndGlobalSection
	GlobalSection(SolutionProperties) = preSolution
		HideSolutionNode = FALSE
	EndGlobalSection
	GlobalSection(ExtensibilityGlobals) = postSolution
		SolutionGuid = {C1B753B5-7BBF-4C6E-B69A-820DDBCD657E}
	EndGlobalSection
EndGlobal
